PODS:
  - Braintree/Apple-Pay (4.34.0):
    - Braintree/Core
  - Braintree/Card (4.34.0):
    - Braintree/Core
  - Braintree/Core (4.34.0)
  - Braintree/PaymentFlow (4.34.0):
    - Braintree/Card
    - Braintree/Core
    - Braintree/PayPalOneTouch
  - Braintree/PayPal (4.34.0):
    - Braintree/Core
    - Braintree/PayPalOneTouch
  - Braintree/PayPalDataCollector (4.34.0):
    - Braintree/Core
    - Braintree/PayPalUtils
  - Braintree/PayPalOneTouch (4.34.0):
    - Braintree/Core
    - Braintree/PayPalDataCollector
    - Braintree/PayPalUtils
  - Braintree/PayPalUtils (4.34.0)
  - Braintree/UnionPay (4.34.0):
    - Braintree/Card
    - Braintree/Core
  - BraintreeDropIn (8.1.0):
    - BraintreeDropIn/DropIn (= 8.1.0)
  - BraintreeDropIn/DropIn (8.1.0):
    - Braintree/Card (~> 4.32)
    - Braintree/Core (~> 4.32)
    - Braintree/PaymentFlow (~> 4.32)
    - Braintree/PayPal (~> 4.32)
    - Braintree/UnionPay (~> 4.32)
    - BraintreeDropIn/UIKit
  - BraintreeDropIn/UIKit (8.1.0)
  - Flutter (1.0.0)
  - flutter_braintree (1.0.0):
    - Braintree/Apple-Pay (~> 4.34.0)
    - Braintree/PayPal (~> 4.34.0)
    - BraintreeDropIn (= 8.1.0)
    - Flutter
  - flutter_open_whatsapp (0.0.1):
    - Flutter
  - flutter_radio (0.0.1):
    - Flutter
  - path_provider (0.0.1):
    - Flutter
  - url_launcher (0.0.1):
    - Flutter
  - webview_flutter (0.0.1):
    - Flutter

DEPENDENCIES:
  - Flutter (from `Flutter`)
  - flutter_braintree (from `.symlinks/plugins/flutter_braintree/ios`)
  - flutter_open_whatsapp (from `.symlinks/plugins/flutter_open_whatsapp/ios`)
  - flutter_radio (from `.symlinks/plugins/flutter_radio/ios`)
  - path_provider (from `.symlinks/plugins/path_provider/ios`)
  - url_launcher (from `.symlinks/plugins/url_launcher/ios`)
  - webview_flutter (from `.symlinks/plugins/webview_flutter/ios`)

SPEC REPOS:
  trunk:
    - Braintree
    - BraintreeDropIn

EXTERNAL SOURCES:
  Flutter:
    :path: Flutter
  flutter_braintree:
    :path: ".symlinks/plugins/flutter_braintree/ios"
  flutter_open_whatsapp:
    :path: ".symlinks/plugins/flutter_open_whatsapp/ios"
  flutter_radio:
    :path: ".symlinks/plugins/flutter_radio/ios"
  path_provider:
    :path: ".symlinks/plugins/path_provider/ios"
  url_launcher:
    :path: ".symlinks/plugins/url_launcher/ios"
  webview_flutter:
    :path: ".symlinks/plugins/webview_flutter/ios"

SPEC CHECKSUMS:
  Braintree: 48154e70306eb3e6c81eaa87bbc5c5988c0d2784
  BraintreeDropIn: fc3e96a8a2b5416e5e3a3beba119f0089713bc1e
  Flutter: 0e3d915762c693b495b44d77113d4970485de6ec
  flutter_braintree: 993827357efe3a1a05f229f2e62fd5026b3a7f4b
  flutter_open_whatsapp: 4b54cd5403cfe53414e4252fd52fc27f79635f58
  flutter_radio: 852f82f0ecb1ea21ce24bc3724e95196c6c7c936
  path_provider: abfe2b5c733d04e238b0d8691db0cfd63a27a93c
  url_launcher: 6fef411d543ceb26efce54b05a0a40bfd74cbbef
  webview_flutter: d2b4d6c66968ad042ad94cbb791f5b72b4678a96

PODFILE CHECKSUM: 6f089c22e155941400907afa521d3bdfbf6039db

COCOAPODS: 1.10.0.rc.1
